{
  "originHash" : "773f50d00017654c8b80357cc42eb2d93280cf10122feb7c10deed8bce2c131a",
  "pins" : [
    {
      "identity" : "forge",
      "kind" : "remoteSourceControl",
      "location" : "https://github.com/drunknbass/Forge",
      "state" : {
        "revision" : "700e72f59a807577582194c93e0dcb5aa7d53e5d",
        "version" : "1.4.2"
      }
    },
    {
      "identity" : "satin",
      "kind" : "remoteSourceControl",
      "location" : "https://github.com/Hi-Rez/Satin.git",
      "state" : {
        "revision" : "06593c2762ae783cf19872eac1e4fcf12c8c21fb",
        "version" : "13.0.0"
      }
    }
  ],
  "version" : 3
}
